
Microsoft Visual Studio Solution File, Format Version 12.00
# Visual Studio Version 17
VisualStudioVersion = 17.3.32922.545
MinimumVisualStudioVersion = 10.0.40219.1
Project("{FAE04EC0-301F-11D3-BF4B-00C04F79EFBC}") = "Collection", "Collection\Collection.csproj", "{43CBFD95-166F-4C40-ADCD-B13421033C37}"
EndProject
Global
	GlobalSection(SolutionConfigurationPlatforms) = preSolution
		Debug|Any CPU = Debug|Any CPU
		Release|Any CPU = Release|Any CPU
	EndGlobalSection
	GlobalSection(ProjectConfigurationPlatforms) = postSolution
		{43CBFD95-166F-4C40-ADCD-B13421033C37}.Debug|Any CPU.ActiveCfg = Debug|Any CPU
		{43CBFD95-166F-4C40-ADCD-B13421033C37}.Debug|Any CPU.Build.0 = Debug|Any CPU
		{43CBFD95-166F-4C40-ADCD-B13421033C37}.Release|Any CPU.ActiveCfg = Release|Any CPU
		{43CBFD95-166F-4C40-ADCD-B13421033C37}.Release|Any CPU.Build.0 = Release|Any CPU
	EndGlobalSection
	GlobalSection(SolutionProperties) = preSolution
		HideSolutionNode = FALSE
	EndGlobalSection
	GlobalSection(ExtensibilityGlobals) = postSolution
		SolutionGuid = {7C1384AE-805D-401D-A8CC-6A2944D4D44F}
	EndGlobalSection
EndGlobal
